
Microsoft Visual Studio Solution File, Format Version 12.00
# Visual Studio Version 16
VisualStudioVersion = 16.0.31605.320
MinimumVisualStudioVersion = 10.0.40219.1
Project("{FAE04EC0-301F-11D3-BF4B-00C04F79EFBC}") = "Web-application-of-students-squad-SFEDU", "Web-application-of-students-squad-SFEDU\Web-application-of-students-squad-SFEDU.csproj", "{60222229-6F44-4B5B-888F-4F99C75298FD}"
EndProject
Global
	GlobalSection(SolutionConfigurationPlatforms) = preSolution
		Debug|Any CPU = Debug|Any CPU
		Release|Any CPU = Release|Any CPU
	EndGlobalSection
	GlobalSection(ProjectConfigurationPlatforms) = postSolution
		{60222229-6F44-4B5B-888F-4F99C75298FD}.Debug|Any CPU.ActiveCfg = Debug|Any CPU
		{60222229-6F44-4B5B-888F-4F99C75298FD}.Debug|Any CPU.Build.0 = Debug|Any CPU
		{60222229-6F44-4B5B-888F-4F99C75298FD}.Release|Any CPU.ActiveCfg = Release|Any CPU
		{60222229-6F44-4B5B-888F-4F99C75298FD}.Release|Any CPU.Build.0 = Release|Any CPU
	EndGlobalSection
	GlobalSection(SolutionProperties) = preSolution
		HideSolutionNode = FALSE
	EndGlobalSection
	GlobalSection(ExtensibilityGlobals) = postSolution
		SolutionGuid = {309DCE46-7F85-45E8-B96B-605F3AFD06A0}
	EndGlobalSection
EndGlobal
